
Microsoft Visual Studio Solution File, Format Version 12.00
# Visual Studio Version 16
VisualStudioVersion = 16.0.30907.101
MinimumVisualStudioVersion = 10.0.40219.1
Project("{9A19103F-16F7-4668-BE54-9A1E7A4F7556}") = "ZekrDbClient", "ZekrDbClient\ZekrDbClient.csproj", "{CCFB5F39-1600-4D32-A92F-0DD216B0126C}"
EndProject
Project("{9A19103F-16F7-4668-BE54-9A1E7A4F7556}") = "ZekrDb.Data", "ZekrDb.Data\ZekrDb.Data.csproj", "{050ABFCA-7CAC-47E5-B164-C4A6D20E99D5}"
EndProject
Project("{FAE04EC0-301F-11D3-BF4B-00C04F79EFBC}") = "ZekrDb.Tests", "ZekrDb.Tests\ZekrDb.Tests.csproj", "{4730E8E7-6EEA-4FED-97E3-D3D562059DD9}"
EndProject
Global
	GlobalSection(SolutionConfigurationPlatforms) = preSolution
		Debug|Any CPU = Debug|Any CPU
		Release|Any CPU = Release|Any CPU
	EndGlobalSection
	GlobalSection(ProjectConfigurationPlatforms) = postSolution
		{CCFB5F39-1600-4D32-A92F-0DD216B0126C}.Debug|Any CPU.ActiveCfg = Debug|Any CPU
		{CCFB5F39-1600-4D32-A92F-0DD216B0126C}.Debug|Any CPU.Build.0 = Debug|Any CPU
		{CCFB5F39-1600-4D32-A92F-0DD216B0126C}.Release|Any CPU.ActiveCfg = Release|Any CPU
		{CCFB5F39-1600-4D32-A92F-0DD216B0126C}.Release|Any CPU.Build.0 = Release|Any CPU
		{050ABFCA-7CAC-47E5-B164-C4A6D20E99D5}.Debug|Any CPU.ActiveCfg = Debug|Any CPU
		{050ABFCA-7CAC-47E5-B164-C4A6D20E99D5}.Debug|Any CPU.Build.0 = Debug|Any CPU
		{050ABFCA-7CAC-47E5-B164-C4A6D20E99D5}.Release|Any CPU.ActiveCfg = Release|Any CPU
		{050ABFCA-7CAC-47E5-B164-C4A6D20E99D5}.Release|Any CPU.Build.0 = Release|Any CPU
		{4730E8E7-6EEA-4FED-97E3-D3D562059DD9}.Debug|Any CPU.ActiveCfg = Debug|Any CPU
		{4730E8E7-6EEA-4FED-97E3-D3D562059DD9}.Debug|Any CPU.Build.0 = Debug|Any CPU
		{4730E8E7-6EEA-4FED-97E3-D3D562059DD9}.Release|Any CPU.ActiveCfg = Release|Any CPU
		{4730E8E7-6EEA-4FED-97E3-D3D562059DD9}.Release|Any CPU.Build.0 = Release|Any CPU
	EndGlobalSection
	GlobalSection(SolutionProperties) = preSolution
		HideSolutionNode = FALSE
	EndGlobalSection
	GlobalSection(ExtensibilityGlobals) = postSolution
		SolutionGuid = {5600A5AA-E6D4-41CB-A731-62A9BF638372}
	EndGlobalSection
EndGlobal
